{
  "name": "@hexlet/code",
  "version": "1.0.0",
  "lockfileVersion": 3,
  "requires": true,
  "packages": {
    "": {
      "name": "@hexlet/code",
      "version": "1.0.0",
      "license": "ISC",
      "dependencies": {
        "readline-sync": "^1.4.10"
      },
      "bin": {
        "brain-calc": "src/index.js brain-calc",
        "brain-even": "src/index.js brain-even",
        "brain-games": "src/index.js brain-games",
        "brain-gcd": "src/index.js brain-gcd",
        "brain-prime": "src/index.js brain-prime",
        "brain-progression": "src/index.js brain-progression"
      },
      "devDependencies": {
        "globals": "^15.14.0"
      }
    },
    "node_modules/globals": {
      "version": "15.14.0",
      "resolved": "https://registry.npmjs.org/globals/-/globals-15.14.0.tgz",
      "integrity": "sha512-OkToC372DtlQeje9/zHIo5CT8lRP/FUgEOKBEhU4e0abL7J7CD24fD9ohiLN5hagG/kWCYj4K5oaxxtj2Z0Dig==",
      "dev": true,
      "license": "MIT",
      "engines": {
        "node": ">=18"
      },
      "funding": {
        "url": "https://github.com/sponsors/sindresorhus"
      }
    },
    "node_modules/readline-sync": {
      "version": "1.4.10",
      "resolved": "https://registry.npmjs.org/readline-sync/-/readline-sync-1.4.10.tgz",
      "integrity": "sha512-gNva8/6UAe8QYepIQH/jQ2qn91Qj0B9sYjMBBs3QOB8F2CXcKgLxQaJRP76sWVRQt+QU+8fAkCbCvjjMFu7Ycw==",
      "license": "MIT",
      "engines": {
        "node": ">= 0.8.0"
      }
    }
  }
}
